<?xml version="1.0" encoding="utf-8"?>
<Project ToolsVersion="4.0" xmlns="http://schemas.microsoft.com/developer/msbuild/2003">
  <ItemGroup>
    <Filter Include="Source Files">
      <UniqueIdentifier>{4FC737F1-C7A5-4376-A066-2A32D752A2FF}</UniqueIdentifier>
      <Extensions>cpp;c;cc;cxx;def;odl;idl;hpj;bat;asm;asmx</Extensions>
    </Filter>
    <Filter Include="Header Files">
      <UniqueIdentifier>{93995380-89BD-4b04-88EB-625FBE52EBFB}</UniqueIdentifier>
      <Extensions>h;hh;hpp;hxx;hm;inl;inc;xsd</Extensions>
    </Filter>
    <Filter Include="Resource Files">
      <UniqueIdentifier>{67DA6AB6-F800-4c08-8B7A-83BB121AAD01}</UniqueIdentifier>
      <Extensions>rc;ico;cur;bmp;dlg;rc2;rct;bin;rgs;gif;jpg;jpeg;jpe;resx;tiff;tif;png;wav</Extensions>
    </Filter>
  </ItemGroup>
  <ItemGroup>
    <ClCompile Include="CEngine.cpp">
      <Filter>Source Files</Filter>
    </ClCompile>
    <ClCompile Include="CRadiusData.cpp">
      <Filter>Source Files</Filter>
    </ClCompile>
    <ClCompile Include="CRadiusEngine.cpp">
      <Filter>Source Files</Filter>
    </ClCompile>
    <ClCompile Include="CTacacsPPEngine.cpp">
      <Filter>Source Files</Filter>
    </ClCompile>
    <ClCompile Include="CTacplusData.cpp">
      <Filter>Source Files</Filter>
    </ClCompile>
    <ClCompile Include="IProtocolData.cpp">
      <Filter>Source Files</Filter>
    </ClCompile>
    <ClCompile Include="IProtocolRequest.cpp">
      <Filter>Source Files</Filter>
    </ClCompile>
    <ClCompile Include="IProtocolResponse.cpp">
      <Filter>Source Files</Filter>
    </ClCompile>
    <ClCompile Include="3rdparty\ace-radius\md5.cpp">
      <Filter>Source Files</Filter>
    </ClCompile>
    <ClCompile Include="3rdparty\ace-radius\RadiusAddress.cpp">
      <Filter>Source Files</Filter>
    </ClCompile>
    <ClCompile Include="3rdparty\ace-radius\RadiusAttribute.cpp">
      <Filter>Source Files</Filter>
    </ClCompile>
    <ClCompile Include="3rdparty\ace-radius\RadiusClientConnection.cpp">
      <Filter>Source Files</Filter>
    </ClCompile>
    <ClCompile Include="3rdparty\ace-radius\RadiusClientStack.cpp">
      <Filter>Source Files</Filter>
    </ClCompile>
    <ClCompile Include="3rdparty\ace-radius\RadiusPacket.cpp">
      <Filter>Source Files</Filter>
    </ClCompile>
    <ClCompile Include="3rdparty\ace-radius\RadiusSecret.cpp">
      <Filter>Source Files</Filter>
    </ClCompile>
    <ClCompile Include="3rdparty\ace-radius\RadiusServerStack.cpp">
      <Filter>Source Files</Filter>
    </ClCompile>
    <ClCompile Include="3rdparty\tac_plus\acct_r.c">
      <Filter>Source Files</Filter>
    </ClCompile>
    <ClCompile Include="3rdparty\tac_plus\acct_s.c">
      <Filter>Source Files</Filter>
    </ClCompile>
    <ClCompile Include="3rdparty\tac_plus\attrib.c">
      <Filter>Source Files</Filter>
    </ClCompile>
    <ClCompile Include="3rdparty\tac_plus\authen_r.c">
      <Filter>Source Files</Filter>
    </ClCompile>
    <ClCompile Include="3rdparty\tac_plus\authen_s.c">
      <Filter>Source Files</Filter>
    </ClCompile>
    <ClCompile Include="3rdparty\tac_plus\author_r.c">
      <Filter>Source Files</Filter>
    </ClCompile>
    <ClCompile Include="3rdparty\tac_plus\author_s.c">
      <Filter>Source Files</Filter>
    </ClCompile>
    <ClCompile Include="3rdparty\tac_plus\connect.c">
      <Filter>Source Files</Filter>
    </ClCompile>
    <ClCompile Include="3rdparty\tac_plus\cont_s.c">
      <Filter>Source Files</Filter>
    </ClCompile>
    <ClCompile Include="3rdparty\tac_plus\crypt.c">
      <Filter>Source Files</Filter>
    </ClCompile>
    <ClCompile Include="3rdparty\tac_plus\hdr_check.c">
      <Filter>Source Files</Filter>
    </ClCompile>
    <ClCompile Include="3rdparty\tac_plus\header.c">
      <Filter>Source Files</Filter>
    </ClCompile>
    <ClCompile Include="3rdparty\tac_plus\magic.c">
      <Filter>Source Files</Filter>
    </ClCompile>
    <ClCompile Include="3rdparty\tac_plus\md5.c">
      <Filter>Source Files</Filter>
    </ClCompile>
    <ClCompile Include="3rdparty\tac_plus\messages.c">
      <Filter>Source Files</Filter>
    </ClCompile>
    <ClCompile Include="3rdparty\tac_plus\read_wait.c">
      <Filter>Source Files</Filter>
    </ClCompile>
    <ClCompile Include="3rdparty\tac_plus\version.c">
      <Filter>Source Files</Filter>
    </ClCompile>
    <ClCompile Include="3rdparty\tac_plus\xalloc.c">
      <Filter>Source Files</Filter>
    </ClCompile>
  </ItemGroup>
  <ItemGroup>
    <ClInclude Include="CEngine.h">
      <Filter>Header Files</Filter>
    </ClInclude>
    <ClInclude Include="CRadiusData.h">
      <Filter>Header Files</Filter>
    </ClInclude>
    <ClInclude Include="CRadiusEngine.h">
      <Filter>Header Files</Filter>
    </ClInclude>
    <ClInclude Include="CRadTypes.h">
      <Filter>Header Files</Filter>
    </ClInclude>
    <ClInclude Include="CTacacsPPEngine.h">
      <Filter>Header Files</Filter>
    </ClInclude>
    <ClInclude Include="CTacplusData.h">
      <Filter>Header Files</Filter>
    </ClInclude>
    <ClInclude Include="CTacplusTypes.h">
      <Filter>Header Files</Filter>
    </ClInclude>
    <ClInclude Include="IProtocolData.h">
      <Filter>Header Files</Filter>
    </ClInclude>
    <ClInclude Include="IProtocolRequest.h">
      <Filter>Header Files</Filter>
    </ClInclude>
    <ClInclude Include="IProtocolResponse.h">
      <Filter>Header Files</Filter>
    </ClInclude>
    <ClInclude Include="3rdparty\ace-radius\config.h">
      <Filter>Header Files</Filter>
    </ClInclude>
    <ClInclude Include="3rdparty\ace-radius\md5.h">
      <Filter>Header Files</Filter>
    </ClInclude>
    <ClInclude Include="3rdparty\ace-radius\Radius.h">
      <Filter>Header Files</Filter>
    </ClInclude>
    <ClInclude Include="3rdparty\ace-radius\RadiusAddress.h">
      <Filter>Header Files</Filter>
    </ClInclude>
    <ClInclude Include="3rdparty\ace-radius\RadiusAttribute.h">
      <Filter>Header Files</Filter>
    </ClInclude>
    <ClInclude Include="3rdparty\ace-radius\RadiusClientConnection.h">
      <Filter>Header Files</Filter>
    </ClInclude>
    <ClInclude Include="3rdparty\ace-radius\RadiusClientStack.h">
      <Filter>Header Files</Filter>
    </ClInclude>
    <ClInclude Include="3rdparty\ace-radius\RadiusPacket.h">
      <Filter>Header Files</Filter>
    </ClInclude>
    <ClInclude Include="3rdparty\ace-radius\RadiusSecret.h">
      <Filter>Header Files</Filter>
    </ClInclude>
    <ClInclude Include="3rdparty\ace-radius\RadiusServerStack.h">
      <Filter>Header Files</Filter>
    </ClInclude>
    <ClInclude Include="3rdparty\tac_plus\cdefs.h">
      <Filter>Header Files</Filter>
    </ClInclude>
    <ClInclude Include="3rdparty\tac_plus\libtac.h">
      <Filter>Header Files</Filter>
    </ClInclude>
    <ClInclude Include="3rdparty\tac_plus\magic.h">
      <Filter>Header Files</Filter>
    </ClInclude>
    <ClInclude Include="3rdparty\tac_plus\md5.h">
      <Filter>Header Files</Filter>
    </ClInclude>
    <ClInclude Include="3rdparty\tac_plus\messages.h">
      <Filter>Header Files</Filter>
    </ClInclude>
    <ClInclude Include="3rdparty\tac_plus\tacplus.h">
      <Filter>Header Files</Filter>
    </ClInclude>
    <ClInclude Include="3rdparty\tac_plus\xalloc.h">
      <Filter>Header Files</Filter>
    </ClInclude>
    <ClInclude Include="api\CEngine.h">
      <Filter>Header Files</Filter>
    </ClInclude>
    <ClInclude Include="api\IProtocolData.h">
      <Filter>Header Files</Filter>
    </ClInclude>
    <ClInclude Include="api\IProtocolRequest.h">
      <Filter>Header Files</Filter>
    </ClInclude>
    <ClInclude Include="api\IProtocolResponse.h">
      <Filter>Header Files</Filter>
    </ClInclude>
  </ItemGroup>
</Project>